github.com/gorilla/schema v1.2.1 h1:tjDxcmdb+siIqkTNoV+qRH2mjYdr2hHe5MKXbp61ziM=
github.com/gorilla/schema v1.2.1/go.mod h1:Dg5SSm5PV60mhF2NFaTV1xuYYj8tV8NOPRo4FggUMnM=
github.com/joncalhoun/form v1.0.1 h1:Zwt1q4+3cPZ+RRI9BEBDE+29on68nimFPisTzB4EEEc=
github.com/joncalhoun/form v1.0.1/go.mod h1:SbYxyMZn3Jbjo/Wt8foBEJzqknIzaqPYpIRSx4eoxZM=
